
Microsoft Visual Studio Solution File, Format Version 11.00
# Visual Studio 2010
Project("{6989167D-11E4-40FE-8C1A-2192A86A7E90}") = "mfree global_", "mfree global_.vfproj", "{13711696-CAC7-473B-AEC5-590E98870BBF}"
EndProject
Global
	GlobalSection(SolutionConfigurationPlatforms) = preSolution
		Debug|Win32 = Debug|Win32
		Release|Win32 = Release|Win32
	EndGlobalSection
	GlobalSection(ProjectConfigurationPlatforms) = postSolution
		{13711696-CAC7-473B-AEC5-590E98870BBF}.Debug|Win32.ActiveCfg = Debug|Win32
		{13711696-CAC7-473B-AEC5-590E98870BBF}.Debug|Win32.Build.0 = Debug|Win32
		{13711696-CAC7-473B-AEC5-590E98870BBF}.Release|Win32.ActiveCfg = Release|Win32
		{13711696-CAC7-473B-AEC5-590E98870BBF}.Release|Win32.Build.0 = Release|Win32
	EndGlobalSection
	GlobalSection(SolutionProperties) = preSolution
		HideSolutionNode = FALSE
	EndGlobalSection
EndGlobal
