<?xml version="1.0" encoding="utf-8"?>
<Project ToolsVersion="4.0" xmlns="http://schemas.microsoft.com/developer/msbuild/2003">
  <ItemGroup>
    <Filter Include="Source Files">
      <UniqueIdentifier>{436bc520-2401-4829-9d2b-69f42c8d04b9}</UniqueIdentifier>
      <Extensions>cpp;c;cxx;rc;def;r;odl;idl;hpj;bat;f90;for;f;fpp</Extensions>
    </Filter>
    <Filter Include="Header Files">
      <UniqueIdentifier>{35d3726d-7677-4a3e-b063-96c5484ecb65}</UniqueIdentifier>
      <Extensions>h;hpp;hxx;hm;inl;fi;fd</Extensions>
    </Filter>
    <Filter Include="Resource Files">
      <UniqueIdentifier>{5dbd5386-c206-4d32-8676-d6213305e080}</UniqueIdentifier>
      <Extensions>ico;cur;bmp;dlg;rc2;rct;bin;rgs;gif;jpg;jpeg;jpe</Extensions>
    </Filter>
  </ItemGroup>
  <ItemGroup>
    <ClInclude Include="parameter.h">
      <Filter>Header Files</Filter>
    </ClInclude>
    <ClInclude Include="variables.h">
      <Filter>Header Files</Filter>
    </ClInclude>
  </ItemGroup>
  <ItemGroup>
    <CustomBuild Include="bandsolver.f90">
      <Filter>Source Files</Filter>
    </CustomBuild>
    <CustomBuild Include="cellgausspoints.f90">
      <Filter>Source Files</Filter>
    </CustomBuild>
    <CustomBuild Include="cmp-radial-basis.f90">
      <Filter>Source Files</Filter>
    </CustomBuild>
    <CustomBuild Include="essentialbc.f90">
      <Filter>Source Files</Filter>
    </CustomBuild>
    <CustomBuild Include="gausscoefficient.f90">
      <Filter>Source Files</Filter>
    </CustomBuild>
    <CustomBuild Include="gausssolver.f90">
      <Filter>Source Files</Filter>
    </CustomBuild>
    <CustomBuild Include="getdisplacement.f90">
      <Filter>Source Files</Filter>
    </CustomBuild>
    <CustomBuild Include="getinvasy.f90">
      <Filter>Source Files</Filter>
    </CustomBuild>
    <CustomBuild Include="getstress.f90">
      <Filter>Source Files</Filter>
    </CustomBuild>
    <CustomBuild Include="input.f90">
      <Filter>Source Files</Filter>
    </CustomBuild>
    <CustomBuild Include="mfree global.f90">
      <Filter>Source Files</Filter>
    </CustomBuild>
    <CustomBuild Include="naturalbcconcentrated.f90">
      <Filter>Source Files</Filter>
    </CustomBuild>
    <CustomBuild Include="naturalbcdistributed.f90">
      <Filter>Source Files</Filter>
    </CustomBuild>
    <CustomBuild Include="pointstiffnessmatrix.f90">
      <Filter>Source Files</Filter>
    </CustomBuild>
    <CustomBuild Include="sem.f90">
      <Filter>Source Files</Filter>
    </CustomBuild>
    <CustomBuild Include="seme.f90">
      <Filter>Source Files</Filter>
    </CustomBuild>
    <CustomBuild Include="shapefunction.f90">
      <Filter>Source Files</Filter>
    </CustomBuild>
    <CustomBuild Include="solverband.f90">
      <Filter>Source Files</Filter>
    </CustomBuild>
    <CustomBuild Include="supportdomain.f90">
      <Filter>Source Files</Filter>
    </CustomBuild>
    <CustomBuild Include="Input175.dat">
      <Filter>Resource Files</Filter>
    </CustomBuild>
    <CustomBuild Include="result.dat">
      <Filter>Resource Files</Filter>
    </CustomBuild>
  </ItemGroup>
</Project>